account.get_balance
account.get_summary
account.list_exchange_rates
api_allowlist.add_entry
api_allowlist.list
api_allowlist.remove_entry
api_allowlist.set_enabled
batches.create_payment
batches.create_payout
batches.create_refund
batches.get_info
checkout.get
checkout.get_onramp
checkout.get_public_payment_link
checkout.get_qr
checkout.get_source_of_funds_form
checkout.list_currencies
checkout.payment_link
checkout.select_method
checkout.start_onramp
checkout.submit_source_of_funds
cli_login.logout
cli_login.poll
cli_login.start
documents.create_job
documents.download_job_file
documents.get_balance
documents.get_batch
documents.get_fees
documents.get_job
documents.get_ledger
documents.get_payment_link
documents.get_payout_link_cheque
documents.get_referrals
documents.get_signed
documents.get_split
documents.get_statement
documents.get_wallet_statement
payment_links.create
payment_links.get
payment_links.list
payment_links.toggle
payments.cancel
payments.create
payments.get_aml_links
payments.get_checkout_config
payments.get_info
payments.get_qr
payments.list_history
payments.list_services
payments.resolve
payments.send_email
payments.set_checkout_config
payout_links.cancel
payout_links.claim_payout
payout_links.create
payout_links.create_batch
payout_links.get
payout_links.get_payout_claim
payout_links.list
payouts.approve
payouts.calculate
payouts.cancel
payouts.create
payouts.create_mass
payouts.create_transfer_batch
payouts.get_info
payouts.list_history
payouts.list_services
payouts.transfer_to_personal
payouts.transfer_to_user
payouts.validate
referrals.get_info
refunds.blocked_wallet
refunds.payment
sandbox.faucet
sandbox.list_webhooks
sandbox.onboard_store
sandbox.replay_webhook
sandbox.reset
sandbox.simulate_deposit
settings.configure_vrcs
settings.delete_auto_withdraw_rule
settings.get_accuracy
settings.get_auto_convert
settings.get_auto_refund
settings.get_payment_fee_config
settings.get_payout_fee_config
settings.get_refund_fee_config
settings.list_accepted_currencies
settings.list_api_log
settings.list_auto_withdraw_rules
settings.list_discounts
settings.set_accepted_currencies
settings.set_accuracy
settings.set_auto_convert
settings.set_auto_refund
settings.set_auto_withdraw_rule
settings.set_discount
settings.set_payment_fee_config
settings.set_payout_fee_config
settings.set_refund_fee_config
splits.create_rule
splits.delete_rule
splits.get_config
splits.get_recipient_opt_in
splits.list_rules
splits.set_config
splits.set_recipient_opt_in
wallets.block
wallets.create
wallets.get_qr
webhooks.list_deliveries
webhooks.register
webhooks.requeue_delivery
webhooks.resend_payment
webhooks.rotate_secret
webhooks.send_legacy_test
webhooks.send_test_conversion
webhooks.send_test_payment
webhooks.send_test_payout
webhooks.send_test_wallet
webhooks.set_active
